Microsoft Visual Studio Solution File, Format Version 12.00
# Visual Studio Version 17
VisualStudioVersion = 17.5.2.0
MinimumVisualStudioVersion = 10.0.40219.1
Project("{FAE04EC0-301F-11D3-BF4B-00C04F79EFBC}") = "Nikandrov-PCPL-Labs-2025", "Nikandrov-PCPL-Labs-2025.csproj", "{D18D2420-89A4-CFDD-0203-35363D9C8828}"
EndProject
Project("{FAE04EC0-301F-11D3-BF4B-00C04F79EFBC}") = "SparseMatrix", "SparseMatrix\SparseMatrix.csproj", "{EF7441FA-0C84-44C0-87C5-858380944115}"
EndProject
Project("{FAE04EC0-301F-11D3-BF4B-00C04F79EFBC}") = "CustomCollections", "CustomCollections\CustomCollections.csproj", "{F267B047-5510-4D7A-BE3D-FBCCD6E19966}"
EndProject
Global
	GlobalSection(SolutionConfigurationPlatforms) = preSolution
		Debug|Any CPU = Debug|Any CPU
		Release|Any CPU = Release|Any CPU
	EndGlobalSection
	GlobalSection(ProjectConfigurationPlatforms) = postSolution
		{D18D2420-89A4-CFDD-0203-35363D9C8828}.Debug|Any CPU.ActiveCfg = Debug|Any CPU
		{D18D2420-89A4-CFDD-0203-35363D9C8828}.Debug|Any CPU.Build.0 = Debug|Any CPU
		{D18D2420-89A4-CFDD-0203-35363D9C8828}.Release|Any CPU.ActiveCfg = Release|Any CPU
		{D18D2420-89A4-CFDD-0203-35363D9C8828}.Release|Any CPU.Build.0 = Release|Any CPU
		{EF7441FA-0C84-44C0-87C5-858380944115}.Debug|Any CPU.ActiveCfg = Debug|Any CPU
		{EF7441FA-0C84-44C0-87C5-858380944115}.Debug|Any CPU.Build.0 = Debug|Any CPU
		{EF7441FA-0C84-44C0-87C5-858380944115}.Release|Any CPU.ActiveCfg = Release|Any CPU
		{EF7441FA-0C84-44C0-87C5-858380944115}.Release|Any CPU.Build.0 = Release|Any CPU
		{F267B047-5510-4D7A-BE3D-FBCCD6E19966}.Debug|Any CPU.ActiveCfg = Debug|Any CPU
		{F267B047-5510-4D7A-BE3D-FBCCD6E19966}.Debug|Any CPU.Build.0 = Debug|Any CPU
		{F267B047-5510-4D7A-BE3D-FBCCD6E19966}.Release|Any CPU.ActiveCfg = Release|Any CPU
		{F267B047-5510-4D7A-BE3D-FBCCD6E19966}.Release|Any CPU.Build.0 = Release|Any CPU
	EndGlobalSection
	GlobalSection(SolutionProperties) = preSolution
		HideSolutionNode = FALSE
	EndGlobalSection
	GlobalSection(ExtensibilityGlobals) = postSolution
		SolutionGuid = {F5989B63-1054-4000-86C8-E84BAB827C8D}
	EndGlobalSection
EndGlobal
